
Microsoft Visual Studio Solution File, Format Version 12.00
# Visual Studio 2012
Project("{FAE04EC0-301F-11D3-BF4B-00C04F79EFBC}") = "BookKeeper", "BookKeeper\BookKeeper.csproj", "{C8E74057-A466-4BDE-87F5-F873E51591AA}"
EndProject
Global
	GlobalSection(SolutionConfigurationPlatforms) = preSolution
		Debug|Any CPU = Debug|Any CPU
		Release|Any CPU = Release|Any CPU
	EndGlobalSection
	GlobalSection(ProjectConfigurationPlatforms) = postSolution
		{C8E74057-A466-4BDE-87F5-F873E51591AA}.Debug|Any CPU.ActiveCfg = Debug|Any CPU
		{C8E74057-A466-4BDE-87F5-F873E51591AA}.Debug|Any CPU.Build.0 = Debug|Any CPU
		{C8E74057-A466-4BDE-87F5-F873E51591AA}.Release|Any CPU.ActiveCfg = Release|Any CPU
		{C8E74057-A466-4BDE-87F5-F873E51591AA}.Release|Any CPU.Build.0 = Release|Any CPU
	EndGlobalSection
EndGlobal
